
Microsoft Visual Studio Solution File, Format Version 12.00
# Visual Studio Version 17
VisualStudioVersion = 17.0.32112.339
MinimumVisualStudioVersion = 10.0.40219.1
Project("{9A19103F-16F7-4668-BE54-9A1E7A4F7556}") = "MicroLibrary.Service", "MicroLibrary.Service\MicroLibrary.Service.csproj", "{CD4DE3A5-2698-483F-B092-0325834D3DC2}"
EndProject
Project("{9A19103F-16F7-4668-BE54-9A1E7A4F7556}") = "MicroLibrary.Infrastructure", "MicroLibrary.Infrastructure\MicroLibrary.Infrastructure.csproj", "{AF1050C7-1555-41FE-844C-369752E0BC59}"
EndProject
Project("{FAE04EC0-301F-11D3-BF4B-00C04F79EFBC}") = "MicroLibrary.API", "MicroLibrary.API\MicroLibrary.API.csproj", "{7C07A62A-EB88-4727-BA77-5BD86F7F5BD1}"
EndProject
Project("{2150E333-8FDC-42A3-9474-1A3956D46DE8}") = "Solution items", "Solution items", "{191C5B26-5BB7-47B9-80D7-A7F0673EBFDE}"
	ProjectSection(SolutionItems) = preProject
		EFScaffold.txt = EFScaffold.txt
	EndProjectSection
EndProject
Global
	GlobalSection(SolutionConfigurationPlatforms) = preSolution
		Debug|Any CPU = Debug|Any CPU
		Release|Any CPU = Release|Any CPU
	EndGlobalSection
	GlobalSection(ProjectConfigurationPlatforms) = postSolution
		{CD4DE3A5-2698-483F-B092-0325834D3DC2}.Debug|Any CPU.ActiveCfg = Debug|Any CPU
		{CD4DE3A5-2698-483F-B092-0325834D3DC2}.Debug|Any CPU.Build.0 = Debug|Any CPU
		{CD4DE3A5-2698-483F-B092-0325834D3DC2}.Release|Any CPU.ActiveCfg = Release|Any CPU
		{CD4DE3A5-2698-483F-B092-0325834D3DC2}.Release|Any CPU.Build.0 = Release|Any CPU
		{AF1050C7-1555-41FE-844C-369752E0BC59}.Debug|Any CPU.ActiveCfg = Debug|Any CPU
		{AF1050C7-1555-41FE-844C-369752E0BC59}.Debug|Any CPU.Build.0 = Debug|Any CPU
		{AF1050C7-1555-41FE-844C-369752E0BC59}.Release|Any CPU.ActiveCfg = Release|Any CPU
		{AF1050C7-1555-41FE-844C-369752E0BC59}.Release|Any CPU.Build.0 = Release|Any CPU
		{7C07A62A-EB88-4727-BA77-5BD86F7F5BD1}.Debug|Any CPU.ActiveCfg = Debug|Any CPU
		{7C07A62A-EB88-4727-BA77-5BD86F7F5BD1}.Debug|Any CPU.Build.0 = Debug|Any CPU
		{7C07A62A-EB88-4727-BA77-5BD86F7F5BD1}.Release|Any CPU.ActiveCfg = Release|Any CPU
		{7C07A62A-EB88-4727-BA77-5BD86F7F5BD1}.Release|Any CPU.Build.0 = Release|Any CPU
	EndGlobalSection
	GlobalSection(SolutionProperties) = preSolution
		HideSolutionNode = FALSE
	EndGlobalSection
	GlobalSection(ExtensibilityGlobals) = postSolution
		SolutionGuid = {AFB7AC37-EE9B-4899-B89E-BCDC68147A74}
	EndGlobalSection
EndGlobal
